
Microsoft Visual Studio Solution File, Format Version 12.00
# Visual Studio Version 16
VisualStudioVersion = 16.0.30309.148
MinimumVisualStudioVersion = 10.0.40219.1
Project("{FAE04EC0-301F-11D3-BF4B-00C04F79EFBC}") = "TutoringSystemLib", "TutoringSystemLib\TutoringSystemLib.csproj", "{EA634E55-8F14-47EE-9575-A0DD5ED4828D}"
EndProject
Project("{FAE04EC0-301F-11D3-BF4B-00C04F79EFBC}") = "TutoringSystemAPI", "TutoringSystemAPI\TutoringSystemAPI.csproj", "{6EC60ECB-C66E-4EAF-8ACA-4FB0693863EA}"
EndProject
Global
	GlobalSection(SolutionConfigurationPlatforms) = preSolution
		Debug|Any CPU = Debug|Any CPU
		Release|Any CPU = Release|Any CPU
	EndGlobalSection
	GlobalSection(ProjectConfigurationPlatforms) = postSolution
		{EA634E55-8F14-47EE-9575-A0DD5ED4828D}.Debug|Any CPU.ActiveCfg = Debug|Any CPU
		{EA634E55-8F14-47EE-9575-A0DD5ED4828D}.Debug|Any CPU.Build.0 = Debug|Any CPU
		{EA634E55-8F14-47EE-9575-A0DD5ED4828D}.Release|Any CPU.ActiveCfg = Release|Any CPU
		{EA634E55-8F14-47EE-9575-A0DD5ED4828D}.Release|Any CPU.Build.0 = Release|Any CPU
		{6EC60ECB-C66E-4EAF-8ACA-4FB0693863EA}.Debug|Any CPU.ActiveCfg = Debug|Any CPU
		{6EC60ECB-C66E-4EAF-8ACA-4FB0693863EA}.Debug|Any CPU.Build.0 = Debug|Any CPU
		{6EC60ECB-C66E-4EAF-8ACA-4FB0693863EA}.Release|Any CPU.ActiveCfg = Release|Any CPU
		{6EC60ECB-C66E-4EAF-8ACA-4FB0693863EA}.Release|Any CPU.Build.0 = Release|Any CPU
	EndGlobalSection
	GlobalSection(SolutionProperties) = preSolution
		HideSolutionNode = FALSE
	EndGlobalSection
	GlobalSection(ExtensibilityGlobals) = postSolution
		SolutionGuid = {BD1B0A60-1195-4043-9806-25160E2638D6}
	EndGlobalSection
EndGlobal
